// !$*UTF8*$!
{
	archiveVersion = 1;
	classes = {
	};
	objectVersion = 46;
	objects = {

/* Begin PBXBuildFile section */
		CE1F03A61AB4FFA20065197D /* PostViewController.swift in Sources */ = {isa = PBXBuildFile; fileRef = CE1F03A51AB4FFA20065197D /* PostViewController.swift */; };
		CE1F03A81AB512D10065197D /* EditListingViewController.swift in Sources */ = {isa = PBXBuildFile; fileRef = CE1F03A71AB512D10065197D /* EditListingViewController.swift */; };
		CEBF667E1AB3DDD5004FB37D /* AppDelegate.swift in Sources */ = {isa = PBXBuildFile; fileRef = CEBF667D1AB3DDD5004FB37D /* AppDelegate.swift */; };
		CEBF66851AB3DDD5004FB37D /* Main.storyboard in Resources */ = {isa = PBXBuildFile; fileRef = CEBF66831AB3DDD5004FB37D /* Main.storyboard */; };
		CEBF66871AB3DDD5004FB37D /* Images.xcassets in Resources */ = {isa = PBXBuildFile; fileRef = CEBF66861AB3DDD5004FB37D /* Images.xcassets */; };
		CEBF668A1AB3DDD5004FB37D /* LaunchScreen.xib in Resources */ = {isa = PBXBuildFile; fileRef = CEBF66881AB3DDD5004FB37D /* LaunchScreen.xib */; };
		CEBF66961AB3DDD5004FB37D /* CampusExchangeTests.swift in Sources */ = {isa = PBXBuildFile; fileRef = CEBF66951AB3DDD5004FB37D /* CampusExchangeTests.swift */; };
		CEBF66A01AB3E0FE004FB37D /* Parse.framework in Frameworks */ = {isa = PBXBuildFile; fileRef = CEBF669F1AB3E0FE004FB37D /* Parse.framework */; };
		CEBF66A21AB3E10B004FB37D /* Bolts.framework in Frameworks */ = {isa = PBXBuildFile; fileRef = CEBF66A11AB3E10B004FB37D /* Bolts.framework */; };
		CEBF66A51AB3E160004FB37D /* AudioToolbox.framework in Frameworks */ = {isa = PBXBuildFile; fileRef = CEBF66A41AB3E160004FB37D /* AudioToolbox.framework */; };
		CEBF66A71AB3E175004FB37D /* CFNetwork.framework in Frameworks */ = {isa = PBXBuildFile; fileRef = CEBF66A61AB3E175004FB37D /* CFNetwork.framework */; };
		CEBF66A91AB3E180004FB37D /* CoreGraphics.framework in Frameworks */ = {isa = PBXBuildFile; fileRef = CEBF66A81AB3E180004FB37D /* CoreGraphics.framework */; };
		CEBF66AB1AB3E18B004FB37D /* CoreLocation.framework in Frameworks */ = {isa = PBXBuildFile; fileRef = CEBF66AA1AB3E18B004FB37D /* CoreLocation.framework */; };
		CEBF66AD1AB3E195004FB37D /* MobileCoreServices.framework in Frameworks */ = {isa = PBXBuildFile; fileRef = CEBF66AC1AB3E195004FB37D /* MobileCoreServices.framework */; };
		CEBF66AF1AB3E19D004FB37D /* QuartzCore.framework in Frameworks */ = {isa = PBXBuildFile; fileRef = CEBF66AE1AB3E19D004FB37D /* QuartzCore.framework */; };
		CEBF66B11AB3E1A6004FB37D /* Security.framework in Frameworks */ = {isa = PBXBuildFile; fileRef = CEBF66B01AB3E1A6004FB37D /* Security.framework */; };
		CEBF66B31AB3E1AD004FB37D /* StoreKit.framework in Frameworks */ = {isa = PBXBuildFile; fileRef = CEBF66B21AB3E1AD004FB37D /* StoreKit.framework */; };
		CEBF66B51AB3E1BA004FB37D /* SystemConfiguration.framework in Frameworks */ = {isa = PBXBuildFile; fileRef = CEBF66B41AB3E1BA004FB37D /* SystemConfiguration.framework */; };
		CEBF66B71AB3E1C5004FB37D /* libz.dylib in Frameworks */ = {isa = PBXBuildFile; fileRef = CEBF66B61AB3E1C5004FB37D /* libz.dylib */; };
		CEBF66B91AB3E1D3004FB37D /* libsqlite3.dylib in Frameworks */ = {isa = PBXBuildFile; fileRef = CEBF66B81AB3E1D3004FB37D /* libsqlite3.dylib */; };
		CEBF66BD1AB4B12E004FB37D /* SearchListingsViewController.swift in Sources */ = {isa = PBXBuildFile; fileRef = CEBF66BC1AB4B12E004FB37D /* SearchListingsViewController.swift */; };
		CEBF66BF1AB4B166004FB37D /* ListingsViewController.swift in Sources */ = {isa = PBXBuildFile; fileRef = CEBF66BE1AB4B166004FB37D /* ListingsViewController.swift */; };
		CEBF66C11AB4C338004FB37D /* LoginViewController.swift in Sources */ = {isa = PBXBuildFile; fileRef = CEBF66C01AB4C338004FB37D /* LoginViewController.swift */; };
		CEBF66C31AB4C346004FB37D /* SignUpViewController.swift in Sources */ = {isa = PBXBuildFile; fileRef = CEBF66C21AB4C346004FB37D /* SignUpViewController.swift */; };
		CEDFD5C11AB4F8CD0008EDEC /* ListingViewController.swift in Sources */ = {isa = PBXBuildFile; fileRef = CEDFD5C01AB4F8CD0008EDEC /* ListingViewController.swift */; };
/* End PBXBuildFile section */

/* Begin PBXContainerItemProxy section */
		CEBF66901AB3DDD5004FB37D /* PBXContainerItemProxy */ = {
			isa = PBXContainerItemProxy;
			containerPortal = CEBF66701AB3DDD5004FB37D /* Project object */;
			proxyType = 1;
			remoteGlobalIDString = CEBF66771AB3DDD5004FB37D;
			remoteInfo = CampusExchange;
		};
/* End PBXContainerItemProxy section */

/* Begin PBXFileReference section */
		CE1F03A51AB4FFA20065197D /* PostViewController.swift */ = {isa = PBXFileReference; fileEncoding = 4; lastKnownFileType = sourcecode.swift; path = PostViewController.swift; sourceTree = "<group>"; };
		CE1F03A71AB512D10065197D /* EditListingViewController.swift */ = {isa = PBXFileReference; fileEncoding = 4; lastKnownFileType = sourcecode.swift; path = EditListingViewController.swift; sourceTree = "<group>"; };
		CEBF66781AB3DDD5004FB37D /* CampusExchange.app */ = {isa = PBXFileReference; explicitFileType = wrapper.application; includeInIndex = 0; path = CampusExchange.app; sourceTree = BUILT_PRODUCTS_DIR; };
		CEBF667C1AB3DDD5004FB37D /* Info.plist */ = {isa = PBXFileReference; lastKnownFileType = text.plist.xml; path = Info.plist; sourceTree = "<group>"; };
		CEBF667D1AB3DDD5004FB37D /* AppDelegate.swift */ = {isa = PBXFileReference; lastKnownFileType = sourcecode.swift; path = AppDelegate.swift; sourceTree = "<group>"; };
		CEBF66841AB3DDD5004FB37D /* Base */ = {isa = PBXFileReference; lastKnownFileType = file.storyboard; name = Base; path = Base.lproj/Main.storyboard; sourceTree = "<group>"; };
		CEBF66861AB3DDD5004FB37D /* Images.xcassets */ = {isa = PBXFileReference; lastKnownFileType = folder.assetcatalog; path = Images.xcassets; sourceTree = "<group>"; };
		CEBF66891AB3DDD5004FB37D /* Base */ = {isa = PBXFileReference; lastKnownFileType = file.xib; name = Base; path = Base.lproj/LaunchScreen.xib; sourceTree = "<group>"; };
		CEBF668F1AB3DDD5004FB37D /* CampusExchangeTests.xctest */ = {isa = PBXFileReference; explicitFileType = wrapper.cfbundle; includeInIndex = 0; path = CampusExchangeTests.xctest; sourceTree = BUILT_PRODUCTS_DIR; };
		CEBF66941AB3DDD5004FB37D /* Info.plist */ = {isa = PBXFileReference; lastKnownFileType = text.plist.xml; path = Info.plist; sourceTree = "<group>"; };
		CEBF66951AB3DDD5004FB37D /* CampusExchangeTests.swift */ = {isa = PBXFileReference; lastKnownFileType = sourcecode.swift; path = CampusExchangeTests.swift; sourceTree = "<group>"; };
		CEBF669F1AB3E0FE004FB37D /* Parse.framework */ = {isa = PBXFileReference; lastKnownFileType = wrapper.framework; path = Parse.framework; sourceTree = "<group>"; };
		CEBF66A11AB3E10B004FB37D /* Bolts.framework */ = {isa = PBXFileReference; lastKnownFileType = wrapper.framework; path = Bolts.framework; sourceTree = "<group>"; };
		CEBF66A41AB3E160004FB37D /* AudioToolbox.framework */ = {isa = PBXFileReference; lastKnownFileType = wrapper.framework; name = AudioToolbox.framework; path = System/Library/Frameworks/AudioToolbox.framework; sourceTree = SDKROOT; };
		CEBF66A61AB3E175004FB37D /* CFNetwork.framework */ = {isa = PBXFileReference; lastKnownFileType = wrapper.framework; name = CFNetwork.framework; path = System/Library/Frameworks/CFNetwork.framework; sourceTree = SDKROOT; };
		CEBF66A81AB3E180004FB37D /* CoreGraphics.framework */ = {isa = PBXFileReference; lastKnownFileType = wrapper.framework; name = CoreGraphics.framework; path = System/Library/Frameworks/CoreGraphics.framework; sourceTree = SDKROOT; };
		CEBF66AA1AB3E18B004FB37D /* CoreLocation.framework */ = {isa = PBXFileReference; lastKnownFileType = wrapper.framework; name = CoreLocation.framework; path = System/Library/Frameworks/CoreLocation.framework; sourceTree = SDKROOT; };
		CEBF66AC1AB3E195004FB37D /* MobileCoreServices.framework */ = {isa = PBXFileReference; lastKnownFileType = wrapper.framework; name = MobileCoreServices.framework; path = System/Library/Frameworks/MobileCoreServices.framework; sourceTree = SDKROOT; };
		CEBF66AE1AB3E19D004FB37D /* QuartzCore.framework */ = {isa = PBXFileReference; lastKnownFileType = wrapper.framework; name = QuartzCore.framework; path = System/Library/Frameworks/QuartzCore.framework; sourceTree = SDKROOT; };
		CEBF66B01AB3E1A6004FB37D /* Security.framework */ = {isa = PBXFileReference; lastKnownFileType = wrapper.framework; name = Security.framework; path = System/Library/Frameworks/Security.framework; sourceTree = SDKROOT; };
		CEBF66B21AB3E1AD004FB37D /* StoreKit.framework */ = {isa = PBXFileReference; lastKnownFileType = wrapper.framework; name = StoreKit.framework; path = System/Library/Frameworks/StoreKit.framework; sourceTree = SDKROOT; };
		CEBF66B41AB3E1BA004FB37D /* SystemConfiguration.framework */ = {isa = PBXFileReference; lastKnownFileType = wrapper.framework; name = SystemConfiguration.framework; path = System/Library/Frameworks/SystemConfiguration.framework; sourceTree = SDKROOT; };
		CEBF66B61AB3E1C5004FB37D /* libz.dylib */ = {isa = PBXFileReference; lastKnownFileType = "compiled.mach-o.dylib"; name = libz.dylib; path = usr/lib/libz.dylib; sourceTree = SDKROOT; };
		CEBF66B81AB3E1D3004FB37D /* libsqlite3.dylib */ = {isa = PBXFileReference; lastKnownFileType = "compiled.mach-o.dylib"; name = libsqlite3.dylib; path = usr/lib/libsqlite3.dylib; sourceTree = SDKROOT; };
		CEBF66BB1AB3E501004FB37D /* CampusExchange-Bridging-Header.h */ = {isa = PBXFileReference; lastKnownFileType = sourcecode.c.h; path = "CampusExchange-Bridging-Header.h"; sourceTree = "<group>"; };
		CEBF66BC1AB4B12E004FB37D /* SearchListingsViewController.swift */ = {isa = PBXFileReference; fileEncoding = 4; lastKnownFileType = sourcecode.swift; path = SearchListingsViewController.swift; sourceTree = "<group>"; };
		CEBF66BE1AB4B166004FB37D /* ListingsViewController.swift */ = {isa = PBXFileReference; fileEncoding = 4; lastKnownFileType = sourcecode.swift; path = ListingsViewController.swift; sourceTree = "<group>"; };
		CEBF66C01AB4C338004FB37D /* LoginViewController.swift */ = {isa = PBXFileReference; fileEncoding = 4; lastKnownFileType = sourcecode.swift; path = LoginViewController.swift; sourceTree = "<group>"; };
		CEBF66C21AB4C346004FB37D /* SignUpViewController.swift */ = {isa = PBXFileReference; fileEncoding = 4; lastKnownFileType = sourcecode.swift; path = SignUpViewController.swift; sourceTree = "<group>"; };
		CEDFD5C01AB4F8CD0008EDEC /* ListingViewController.swift */ = {isa = PBXFileReference; fileEncoding = 4; lastKnownFileType = sourcecode.swift; path = ListingViewController.swift; sourceTree = "<group>"; };
/* End PBXFileReference section */

/* Begin PBXFrameworksBuildPhase section */
		CEBF66751AB3DDD5004FB37D /* Frameworks */ = {
			isa = PBXFrameworksBuildPhase;
			buildActionMask = 2147483647;
			files = (
				CEBF66B91AB3E1D3004FB37D /* libsqlite3.dylib in Frameworks */,
				CEBF66B71AB3E1C5004FB37D /* libz.dylib in Frameworks */,
				CEBF66B51AB3E1BA004FB37D /* SystemConfiguration.framework in Frameworks */,
				CEBF66B31AB3E1AD004FB37D /* StoreKit.framework in Frameworks */,
				CEBF66B11AB3E1A6004FB37D /* Security.framework in Frameworks */,
				CEBF66AF1AB3E19D004FB37D /* QuartzCore.framework in Frameworks */,
				CEBF66AD1AB3E195004FB37D /* MobileCoreServices.framework in Frameworks */,
				CEBF66AB1AB3E18B004FB37D /* CoreLocation.framework in Frameworks */,
				CEBF66A91AB3E180004FB37D /* CoreGraphics.framework in Frameworks */,
				CEBF66A71AB3E175004FB37D /* CFNetwork.framework in Frameworks */,
				CEBF66A51AB3E160004FB37D /* AudioToolbox.framework in Frameworks */,
				CEBF66A01AB3E0FE004FB37D /* Parse.framework in Frameworks */,
				CEBF66A21AB3E10B004FB37D /* Bolts.framework in Frameworks */,
			);
			runOnlyForDeploymentPostprocessing = 0;
		};
		CEBF668C1AB3DDD5004FB37D /* Frameworks */ = {
			isa = PBXFrameworksBuildPhase;
			buildActionMask = 2147483647;
			files = (
			);
			runOnlyForDeploymentPostprocessing = 0;
		};
/* End PBXFrameworksBuildPhase section */

/* Begin PBXGroup section */
		CEBF666F1AB3DDD5004FB37D = {
			isa = PBXGroup;
			children = (
				CEBF66BB1AB3E501004FB37D /* CampusExchange-Bridging-Header.h */,
				CEBF667A1AB3DDD5004FB37D /* CampusExchange */,
				CEBF66921AB3DDD5004FB37D /* CampusExchangeTests */,
				CEBF66791AB3DDD5004FB37D /* Products */,
				CEBF66A31AB3E123004FB37D /* Frameworks */,
			);
			sourceTree = "<group>";
		};
		CEBF66791AB3DDD5004FB37D /* Products */ = {
			isa = PBXGroup;
			children = (
				CEBF66781AB3DDD5004FB37D /* CampusExchange.app */,
				CEBF668F1AB3DDD5004FB37D /* CampusExchangeTests.xctest */,
			);
			name = Products;
			sourceTree = "<group>";
		};
		CEBF667A1AB3DDD5004FB37D /* CampusExchange */ = {
			isa = PBXGroup;
			children = (
				CEBF667D1AB3DDD5004FB37D /* AppDelegate.swift */,
				CEBF66831AB3DDD5004FB37D /* Main.storyboard */,
				CE1F03A71AB512D10065197D /* EditListingViewController.swift */,
				CE1F03A51AB4FFA20065197D /* PostViewController.swift */,
				CEDFD5C01AB4F8CD0008EDEC /* ListingViewController.swift */,
				CEBF66C01AB4C338004FB37D /* LoginViewController.swift */,
				CEBF66C21AB4C346004FB37D /* SignUpViewController.swift */,
				CEBF66BC1AB4B12E004FB37D /* SearchListingsViewController.swift */,
				CEBF66BE1AB4B166004FB37D /* ListingsViewController.swift */,
				CEBF66861AB3DDD5004FB37D /* Images.xcassets */,
				CEBF66881AB3DDD5004FB37D /* LaunchScreen.xib */,
				CEBF667B1AB3DDD5004FB37D /* Supporting Files */,
			);
			path = CampusExchange;
			sourceTree = "<group>";
		};
		CEBF667B1AB3DDD5004FB37D /* Supporting Files */ = {
			isa = PBXGroup;
			children = (
				CEBF667C1AB3DDD5004FB37D /* Info.plist */,
			);
			name = "Supporting Files";
			sourceTree = "<group>";
		};
		CEBF66921AB3DDD5004FB37D /* CampusExchangeTests */ = {
			isa = PBXGroup;
			children = (
				CEBF66951AB3DDD5004FB37D /* CampusExchangeTests.swift */,
				CEBF66931AB3DDD5004FB37D /* Supporting Files */,
			);
			path = CampusExchangeTests;
			sourceTree = "<group>";
		};
		CEBF66931AB3DDD5004FB37D /* Supporting Files */ = {
			isa = PBXGroup;
			children = (
				CEBF66941AB3DDD5004FB37D /* Info.plist */,
			);
			name = "Supporting Files";
			sourceTree = "<group>";
		};
		CEBF66A31AB3E123004FB37D /* Frameworks */ = {
			isa = PBXGroup;
			children = (
				CEBF66B81AB3E1D3004FB37D /* libsqlite3.dylib */,
				CEBF66B61AB3E1C5004FB37D /* libz.dylib */,
				CEBF66B41AB3E1BA004FB37D /* SystemConfiguration.framework */,
				CEBF66B21AB3E1AD004FB37D /* StoreKit.framework */,
				CEBF66B01AB3E1A6004FB37D /* Security.framework */,
				CEBF66AE1AB3E19D004FB37D /* QuartzCore.framework */,
				CEBF66AC1AB3E195004FB37D /* MobileCoreServices.framework */,
				CEBF66AA1AB3E18B004FB37D /* CoreLocation.framework */,
				CEBF66A81AB3E180004FB37D /* CoreGraphics.framework */,
				CEBF66A61AB3E175004FB37D /* CFNetwork.framework */,
				CEBF66A41AB3E160004FB37D /* AudioToolbox.framework */,
				CEBF669F1AB3E0FE004FB37D /* Parse.framework */,
				CEBF66A11AB3E10B004FB37D /* Bolts.framework */,
			);
			name = Frameworks;
			sourceTree = "<group>";
		};
/* End PBXGroup section */

/* Begin PBXNativeTarget section */
		CEBF66771AB3DDD5004FB37D /* CampusExchange */ = {
			isa = PBXNativeTarget;
			buildConfigurationList = CEBF66991AB3DDD5004FB37D /* Build configuration list for PBXNativeTarget "CampusExchange" */;
			buildPhases = (
				CEBF66741AB3DDD5004FB37D /* Sources */,
				CEBF66751AB3DDD5004FB37D /* Frameworks */,
				CEBF66761AB3DDD5004FB37D /* Resources */,
			);
			buildRules = (
			);
			dependencies = (
			);
			name = CampusExchange;
			productName = CampusExchange;
			productReference = CEBF66781AB3DDD5004FB37D /* CampusExchange.app */;
			productType = "com.apple.product-type.application";
		};
		CEBF668E1AB3DDD5004FB37D /* CampusExchangeTests */ = {
			isa = PBXNativeTarget;
			buildConfigurationList = CEBF669C1AB3DDD5004FB37D /* Build configuration list for PBXNativeTarget "CampusExchangeTests" */;
			buildPhases = (
				CEBF668B1AB3DDD5004FB37D /* Sources */,
				CEBF668C1AB3DDD5004FB37D /* Frameworks */,
				CEBF668D1AB3DDD5004FB37D /* Resources */,
			);
			buildRules = (
			);
			dependencies = (
				CEBF66911AB3DDD5004FB37D /* PBXTargetDependency */,
			);
			name = CampusExchangeTests;
			productName = CampusExchangeTests;
			productReference = CEBF668F1AB3DDD5004FB37D /* CampusExchangeTests.xctest */;
			productType = "com.apple.product-type.bundle.unit-test";
		};
/* End PBXNativeTarget section */

/* Begin PBXProject section */
		CEBF66701AB3DDD5004FB37D /* Project object */ = {
			isa = PBXProject;
			attributes = {
				LastUpgradeCheck = 0600;
				ORGANIZATIONNAME = MattOber;
				TargetAttributes = {
					CEBF66771AB3DDD5004FB37D = {
						CreatedOnToolsVersion = 6.0.1;
					};
					CEBF668E1AB3DDD5004FB37D = {
						CreatedOnToolsVersion = 6.0.1;
						TestTargetID = CEBF66771AB3DDD5004FB37D;
					};
				};
			};
			buildConfigurationList = CEBF66731AB3DDD5004FB37D /* Build configuration list for PBXProject "CampusExchange" */;
			compatibilityVersion = "Xcode 3.2";
			developmentRegion = English;
			hasScannedForEncodings = 0;
			knownRegions = (
				en,
				Base,
			);
			mainGroup = CEBF666F1AB3DDD5004FB37D;
			productRefGroup = CEBF66791AB3DDD5004FB37D /* Products */;
			projectDirPath = "";
			projectRoot = "";
			targets = (
				CEBF66771AB3DDD5004FB37D /* CampusExchange */,
				CEBF668E1AB3DDD5004FB37D /* CampusExchangeTests */,
			);
		};
/* End PBXProject section */

/* Begin PBXResourcesBuildPhase section */
		CEBF66761AB3DDD5004FB37D /* Resources */ = {
			isa = PBXResourcesBuildPhase;
			buildActionMask = 2147483647;
			files = (
				CEBF66851AB3DDD5004FB37D /* Main.storyboard in Resources */,
				CEBF668A1AB3DDD5004FB37D /* LaunchScreen.xib in Resources */,
				CEBF66871AB3DDD5004FB37D /* Images.xcassets in Resources */,
			);
			runOnlyForDeploymentPostprocessing = 0;
		};
		CEBF668D1AB3DDD5004FB37D /* Resources */ = {
			isa = PBXResourcesBuildPhase;
			buildActionMask = 2147483647;
			files = (
			);
			runOnlyForDeploymentPostprocessing = 0;
		};
/* End PBXResourcesBuildPhase section */

/* Begin PBXSourcesBuildPhase section */
		CEBF66741AB3DDD5004FB37D /* Sources */ = {
			isa = PBXSourcesBuildPhase;
			buildActionMask = 2147483647;
			files = (
				CEBF66C11AB4C338004FB37D /* LoginViewController.swift in Sources */,
				CE1F03A81AB512D10065197D /* EditListingViewController.swift in Sources */,
				CEBF667E1AB3DDD5004FB37D /* AppDelegate.swift in Sources */,
				CE1F03A61AB4FFA20065197D /* PostViewController.swift in Sources */,
				CEBF66BD1AB4B12E004FB37D /* SearchListingsViewController.swift in Sources */,
				CEDFD5C11AB4F8CD0008EDEC /* ListingViewController.swift in Sources */,
				CEBF66BF1AB4B166004FB37D /* ListingsViewController.swift in Sources */,
				CEBF66C31AB4C346004FB37D /* SignUpViewController.swift in Sources */,
			);
			runOnlyForDeploymentPostprocessing = 0;
		};
		CEBF668B1AB3DDD5004FB37D /* Sources */ = {
			isa = PBXSourcesBuildPhase;
			buildActionMask = 2147483647;
			files = (
				CEBF66961AB3DDD5004FB37D /* CampusExchangeTests.swift in Sources */,
			);
			runOnlyForDeploymentPostprocessing = 0;
		};
/* End PBXSourcesBuildPhase section */

/* Begin PBXTargetDependency section */
		CEBF66911AB3DDD5004FB37D /* PBXTargetDependency */ = {
			isa = PBXTargetDependency;
			target = CEBF66771AB3DDD5004FB37D /* CampusExchange */;
			targetProxy = CEBF66901AB3DDD5004FB37D /* PBXContainerItemProxy */;
		};
/* End PBXTargetDependency section */

/* Begin PBXVariantGroup section */
		CEBF66831AB3DDD5004FB37D /* Main.storyboard */ = {
			isa = PBXVariantGroup;
			children = (
				CEBF66841AB3DDD5004FB37D /* Base */,
			);
			name = Main.storyboard;
			sourceTree = "<group>";
		};
		CEBF66881AB3DDD5004FB37D /* LaunchScreen.xib */ = {
			isa = PBXVariantGroup;
			children = (
				CEBF66891AB3DDD5004FB37D /* Base */,
			);
			name = LaunchScreen.xib;
			sourceTree = "<group>";
		};
/* End PBXVariantGroup section */

/* Begin XCBuildConfiguration section */
		CEBF66971AB3DDD5004FB37D /* Debug */ = {
			isa = XCBuildConfiguration;
			buildSettings = {
				ALWAYS_SEARCH_USER_PATHS = NO;
				CLANG_CXX_LANGUAGE_STANDARD = "gnu++0x";
				CLANG_CXX_LIBRARY = "libc++";
				CLANG_ENABLE_MODULES = YES;
				CLANG_ENABLE_OBJC_ARC = YES;
				CLANG_WARN_BOOL_CONVERSION = YES;
				CLANG_WARN_CONSTANT_CONVERSION = YES;
				CLANG_WARN_DIRECT_OBJC_ISA_USAGE = YES_ERROR;
				CLANG_WARN_EMPTY_BODY = YES;
				CLANG_WARN_ENUM_CONVERSION = YES;
				CLANG_WARN_INT_CONVERSION = YES;
				CLANG_WARN_OBJC_ROOT_CLASS = YES_ERROR;
				CLANG_WARN_UNREACHABLE_CODE = YES;
				CLANG_WARN__DUPLICATE_METHOD_MATCH = YES;
				"CODE_SIGN_IDENTITY[sdk=iphoneos*]" = "iPhone Developer";
				COPY_PHASE_STRIP = NO;
				ENABLE_STRICT_OBJC_MSGSEND = YES;
				GCC_C_LANGUAGE_STANDARD = gnu99;
				GCC_DYNAMIC_NO_PIC = NO;
				GCC_OPTIMIZATION_LEVEL = 0;
				GCC_PREPROCESSOR_DEFINITIONS = (
					"DEBUG=1",
					"$(inherited)",
				);
				GCC_SYMBOLS_PRIVATE_EXTERN = NO;
				GCC_WARN_64_TO_32_BIT_CONVERSION = YES;
				GCC_WARN_ABOUT_RETURN_TYPE = YES_ERROR;
				GCC_WARN_UNDECLARED_SELECTOR = YES;
				GCC_WARN_UNINITIALIZED_AUTOS = YES_AGGRESSIVE;
				GCC_WARN_UNUSED_FUNCTION = YES;
				GCC_WARN_UNUSED_VARIABLE = YES;
				IPHONEOS_DEPLOYMENT_TARGET = 8.0;
				MTL_ENABLE_DEBUG_INFO = YES;
				ONLY_ACTIVE_ARCH = YES;
				SDKROOT = iphoneos;
				SWIFT_OPTIMIZATION_LEVEL = "-Onone";
			};
			name = Debug;
		};
		CEBF66981AB3DDD5004FB37D /* Release */ = {
			isa = XCBuildConfiguration;
			buildSettings = {
				ALWAYS_SEARCH_USER_PATHS = NO;
				CLANG_CXX_LANGUAGE_STANDARD = "gnu++0x";
				CLANG_CXX_LIBRARY = "libc++";
				CLANG_ENABLE_MODULES = YES;
				CLANG_ENABLE_OBJC_ARC = YES;
				CLANG_WARN_BOOL_CONVERSION = YES;
				CLANG_WARN_CONSTANT_CONVERSION = YES;
				CLANG_WARN_DIRECT_OBJC_ISA_USAGE = YES_ERROR;
				CLANG_WARN_EMPTY_BODY = YES;
				CLANG_WARN_ENUM_CONVERSION = YES;
				CLANG_WARN_INT_CONVERSION = YES;
				CLANG_WARN_OBJC_ROOT_CLASS = YES_ERROR;
				CLANG_WARN_UNREACHABLE_CODE = YES;
				CLANG_WARN__DUPLICATE_METHOD_MATCH = YES;
				"CODE_SIGN_IDENTITY[sdk=iphoneos*]" = "iPhone Developer";
				COPY_PHASE_STRIP = YES;
				ENABLE_NS_ASSERTIONS = NO;
				ENABLE_STRICT_OBJC_MSGSEND = YES;
				GCC_C_LANGUAGE_STANDARD = gnu99;
				GCC_WARN_64_TO_32_BIT_CONVERSION = YES;
				GCC_WARN_ABOUT_RETURN_TYPE = YES_ERROR;
				GCC_WARN_UNDECLARED_SELECTOR = YES;
				GCC_WARN_UNINITIALIZED_AUTOS = YES_AGGRESSIVE;
				GCC_WARN_UNUSED_FUNCTION = YES;
				GCC_WARN_UNUSED_VARIABLE = YES;
				IPHONEOS_DEPLOYMENT_TARGET = 8.0;
				MTL_ENABLE_DEBUG_INFO = NO;
				SDKROOT = iphoneos;
				VALIDATE_PRODUCT = YES;
			};
			name = Release;
		};
		CEBF669A1AB3DDD5004FB37D /* Debug */ = {
			isa = XCBuildConfiguration;
			buildSettings = {
				ASSETCATALOG_COMPILER_APPICON_NAME = AppIcon;
				FRAMEWORK_SEARCH_PATHS = (
					"$(inherited)",
					"$(PROJECT_DIR)",
				);
				INFOPLIST_FILE = CampusExchange/Info.plist;
				LD_RUNPATH_SEARCH_PATHS = "$(inherited) @executable_path/Frameworks";
				PRODUCT_NAME = "$(TARGET_NAME)";
			};
			name = Debug;
		};
		CEBF669B1AB3DDD5004FB37D /* Release */ = {
			isa = XCBuildConfiguration;
			buildSettings = {
				ASSETCATALOG_COMPILER_APPICON_NAME = AppIcon;
				FRAMEWORK_SEARCH_PATHS = (
					"$(inherited)",
					"$(PROJECT_DIR)",
				);
				INFOPLIST_FILE = CampusExchange/Info.plist;
				LD_RUNPATH_SEARCH_PATHS = "$(inherited) @executable_path/Frameworks";
				PRODUCT_NAME = "$(TARGET_NAME)";
			};
			name = Release;
		};
		CEBF669D1AB3DDD5004FB37D /* Debug */ = {
			isa = XCBuildConfiguration;
			buildSettings = {
				BUNDLE_LOADER = "$(TEST_HOST)";
				FRAMEWORK_SEARCH_PATHS = (
					"$(SDKROOT)/Developer/Library/Frameworks",
					"$(inherited)",
				);
				GCC_PREPROCESSOR_DEFINITIONS = (
					"DEBUG=1",
					"$(inherited)",
				);
				INFOPLIST_FILE = CampusExchangeTests/Info.plist;
				LD_RUNPATH_SEARCH_PATHS = "$(inherited) @executable_path/Frameworks @loader_path/Frameworks";
				PRODUCT_NAME = "$(TARGET_NAME)";
				TEST_HOST = "$(BUILT_PRODUCTS_DIR)/CampusExchange.app/CampusExchange";
			};
			name = Debug;
		};
		CEBF669E1AB3DDD5004FB37D /* Release */ = {
			isa = XCBuildConfiguration;
			buildSettings = {
				BUNDLE_LOADER = "$(TEST_HOST)";
				FRAMEWORK_SEARCH_PATHS = (
					"$(SDKROOT)/Developer/Library/Frameworks",
					"$(inherited)",
				);
				INFOPLIST_FILE = CampusExchangeTests/Info.plist;
				LD_RUNPATH_SEARCH_PATHS = "$(inherited) @executable_path/Frameworks @loader_path/Frameworks";
				PRODUCT_NAME = "$(TARGET_NAME)";
				TEST_HOST = "$(BUILT_PRODUCTS_DIR)/CampusExchange.app/CampusExchange";
			};
			name = Release;
		};
/* End XCBuildConfiguration section */

/* Begin XCConfigurationList section */
		CEBF66731AB3DDD5004FB37D /* Build configuration list for PBXProject "CampusExchange" */ = {
			isa = XCConfigurationList;
			buildConfigurations = (
				CEBF66971AB3DDD5004FB37D /* Debug */,
				CEBF66981AB3DDD5004FB37D /* Release */,
			);
			defaultConfigurationIsVisible = 0;
			defaultConfigurationName = Release;
		};
		CEBF66991AB3DDD5004FB37D /* Build configuration list for PBXNativeTarget "CampusExchange" */ = {
			isa = XCConfigurationList;
			buildConfigurations = (
				CEBF669A1AB3DDD5004FB37D /* Debug */,
				CEBF669B1AB3DDD5004FB37D /* Release */,
			);
			defaultConfigurationIsVisible = 0;
			defaultConfigurationName = Release;
		};
		CEBF669C1AB3DDD5004FB37D /* Build configuration list for PBXNativeTarget "CampusExchangeTests" */ = {
			isa = XCConfigurationList;
			buildConfigurations = (
				CEBF669D1AB3DDD5004FB37D /* Debug */,
				CEBF669E1AB3DDD5004FB37D /* Release */,
			);
			defaultConfigurationIsVisible = 0;
			defaultConfigurationName = Release;
		};
/* End XCConfigurationList section */
	};
	rootObject = CEBF66701AB3DDD5004FB37D /* Project object */;
}
